
Microsoft Visual Studio Solution File, Format Version 12.00
# Visual Studio Version 17
VisualStudioVersion = 17.11.35312.102
MinimumVisualStudioVersion = 10.0.40219.1
Project("{9A19103F-16F7-4668-BE54-9A1E7A4F7556}") = "NCacheWebApi", "NCacheWebApi\NCacheWebApi.csproj", "{487BC79E-CB75-4883-BD23-7F67BF376BA3}"
EndProject
Global
	GlobalSection(SolutionConfigurationPlatforms) = preSolution
		Debug|Any CPU = Debug|Any CPU
		Release|Any CPU = Release|Any CPU
	EndGlobalSection
	GlobalSection(ProjectConfigurationPlatforms) = postSolution
		{487BC79E-CB75-4883-BD23-7F67BF376BA3}.Debug|Any CPU.ActiveCfg = Debug|Any CPU
		{487BC79E-CB75-4883-BD23-7F67BF376BA3}.Debug|Any CPU.Build.0 = Debug|Any CPU
		{487BC79E-CB75-4883-BD23-7F67BF376BA3}.Release|Any CPU.ActiveCfg = Release|Any CPU
		{487BC79E-CB75-4883-BD23-7F67BF376BA3}.Release|Any CPU.Build.0 = Release|Any CPU
	EndGlobalSection
	GlobalSection(SolutionProperties) = preSolution
		HideSolutionNode = FALSE
	EndGlobalSection
	GlobalSection(ExtensibilityGlobals) = postSolution
		SolutionGuid = {8C098FF7-E8EB-471F-8198-7A0D0431D999}
	EndGlobalSection
EndGlobal
